
Microsoft Visual Studio Solution File, Format Version 12.00
# Visual Studio 15
VisualStudioVersion = 15.0.27004.2006
MinimumVisualStudioVersion = 10.0.40219.1
Project("{2150E333-8FDC-42A3-9474-1A3956D46DE8}") = "01 - Presentation", "01 - Presentation", "{F4496573-1C1A-4C8F-9D8C-1C24B3FFD668}"
EndProject
Project("{2150E333-8FDC-42A3-9474-1A3956D46DE8}") = "02 - Business", "02 - Business", "{ADDE49D3-DAF0-473C-9D19-16B2E479AE5D}"
EndProject
Project("{2150E333-8FDC-42A3-9474-1A3956D46DE8}") = "03 - Data", "03 - Data", "{480C8492-2C09-490B-BBD6-592C576B0AE7}"
EndProject
Project("{FAE04EC0-301F-11D3-BF4B-00C04F79EFBC}") = "VirtualSecretary", "VirtualSecretary\VirtualSecretary.csproj", "{D90C0ABE-5E1A-4E75-A7C8-C7C365F4CF5F}"
EndProject
Project("{FAE04EC0-301F-11D3-BF4B-00C04F79EFBC}") = "Business", "Business\Business.csproj", "{B66351FA-2775-44BD-B3EA-170DA9FC78E6}"
EndProject
Project("{FAE04EC0-301F-11D3-BF4B-00C04F79EFBC}") = "Data.Core", "Data.Core\Data.Core.csproj", "{90524E14-35E2-4E26-8F1F-33551BF29778}"
EndProject
Project("{FAE04EC0-301F-11D3-BF4B-00C04F79EFBC}") = "Data.Persistence", "Data.Persistence\Data.Persistence.csproj", "{930AD164-9A65-430D-BB6C-9008700CC340}"
EndProject
Global
	GlobalSection(SolutionConfigurationPlatforms) = preSolution
		Debug|Any CPU = Debug|Any CPU
		Release|Any CPU = Release|Any CPU
	EndGlobalSection
	GlobalSection(ProjectConfigurationPlatforms) = postSolution
		{D90C0ABE-5E1A-4E75-A7C8-C7C365F4CF5F}.Debug|Any CPU.ActiveCfg = Debug|Any CPU
		{D90C0ABE-5E1A-4E75-A7C8-C7C365F4CF5F}.Debug|Any CPU.Build.0 = Debug|Any CPU
		{D90C0ABE-5E1A-4E75-A7C8-C7C365F4CF5F}.Release|Any CPU.ActiveCfg = Release|Any CPU
		{D90C0ABE-5E1A-4E75-A7C8-C7C365F4CF5F}.Release|Any CPU.Build.0 = Release|Any CPU
		{B66351FA-2775-44BD-B3EA-170DA9FC78E6}.Debug|Any CPU.ActiveCfg = Debug|Any CPU
		{B66351FA-2775-44BD-B3EA-170DA9FC78E6}.Debug|Any CPU.Build.0 = Debug|Any CPU
		{B66351FA-2775-44BD-B3EA-170DA9FC78E6}.Release|Any CPU.ActiveCfg = Release|Any CPU
		{B66351FA-2775-44BD-B3EA-170DA9FC78E6}.Release|Any CPU.Build.0 = Release|Any CPU
		{90524E14-35E2-4E26-8F1F-33551BF29778}.Debug|Any CPU.ActiveCfg = Debug|Any CPU
		{90524E14-35E2-4E26-8F1F-33551BF29778}.Debug|Any CPU.Build.0 = Debug|Any CPU
		{90524E14-35E2-4E26-8F1F-33551BF29778}.Release|Any CPU.ActiveCfg = Release|Any CPU
		{90524E14-35E2-4E26-8F1F-33551BF29778}.Release|Any CPU.Build.0 = Release|Any CPU
		{930AD164-9A65-430D-BB6C-9008700CC340}.Debug|Any CPU.ActiveCfg = Debug|Any CPU
		{930AD164-9A65-430D-BB6C-9008700CC340}.Debug|Any CPU.Build.0 = Debug|Any CPU
		{930AD164-9A65-430D-BB6C-9008700CC340}.Release|Any CPU.ActiveCfg = Release|Any CPU
		{930AD164-9A65-430D-BB6C-9008700CC340}.Release|Any CPU.Build.0 = Release|Any CPU
	EndGlobalSection
	GlobalSection(SolutionProperties) = preSolution
		HideSolutionNode = FALSE
	EndGlobalSection
	GlobalSection(NestedProjects) = preSolution
		{D90C0ABE-5E1A-4E75-A7C8-C7C365F4CF5F} = {F4496573-1C1A-4C8F-9D8C-1C24B3FFD668}
		{B66351FA-2775-44BD-B3EA-170DA9FC78E6} = {ADDE49D3-DAF0-473C-9D19-16B2E479AE5D}
		{90524E14-35E2-4E26-8F1F-33551BF29778} = {480C8492-2C09-490B-BBD6-592C576B0AE7}
		{930AD164-9A65-430D-BB6C-9008700CC340} = {480C8492-2C09-490B-BBD6-592C576B0AE7}
	EndGlobalSection
	GlobalSection(ExtensibilityGlobals) = postSolution
		SolutionGuid = {5A78DCCE-678C-4BC5-AD35-F67FF4A71C37}
	EndGlobalSection
EndGlobal
