
Microsoft Visual Studio Solution File, Format Version 12.00
# Visual Studio 15
VisualStudioVersion = 15.0.27004.2006
MinimumVisualStudioVersion = 10.0.40219.1
Project("{2150E333-8FDC-42A3-9474-1A3956D46DE8}") = "01 - Presentation", "01 - Presentation", "{6E3D783D-A796-42BE-8B23-2F9F508F3143}"
EndProject
Project("{2150E333-8FDC-42A3-9474-1A3956D46DE8}") = "02 - Business", "02 - Business", "{9B01B6D8-11E8-4CFB-8702-8D82D759F50F}"
EndProject
Project("{2150E333-8FDC-42A3-9474-1A3956D46DE8}") = "03 - Data", "03 - Data", "{EDF1EF22-273A-49E1-A9DD-5E982BC9DBA3}"
EndProject
Project("{FAE04EC0-301F-11D3-BF4B-00C04F79EFBC}") = "VirtualSecretary", "VirtualSecretary\VirtualSecretary.csproj", "{73490CB9-E7A6-450A-A495-541D5E056CFB}"
EndProject
Project("{FAE04EC0-301F-11D3-BF4B-00C04F79EFBC}") = "Business", "Business\Business.csproj", "{5C8FED74-7664-4A7B-AC2C-0ADA62B7338D}"
EndProject
Project("{FAE04EC0-301F-11D3-BF4B-00C04F79EFBC}") = "Data.Core", "Data.Core\Data.Core.csproj", "{31D6807F-0E89-46BA-9AA0-B58FE21B9258}"
EndProject
Project("{FAE04EC0-301F-11D3-BF4B-00C04F79EFBC}") = "Data.Persistence", "Data.Persistence\Data.Persistence.csproj", "{496AB7C1-7846-4333-8399-EA1571BB099B}"
EndProject
Global
	GlobalSection(SolutionConfigurationPlatforms) = preSolution
		Debug|Any CPU = Debug|Any CPU
		Release|Any CPU = Release|Any CPU
	EndGlobalSection
	GlobalSection(ProjectConfigurationPlatforms) = postSolution
		{73490CB9-E7A6-450A-A495-541D5E056CFB}.Debug|Any CPU.ActiveCfg = Debug|Any CPU
		{73490CB9-E7A6-450A-A495-541D5E056CFB}.Debug|Any CPU.Build.0 = Debug|Any CPU
		{73490CB9-E7A6-450A-A495-541D5E056CFB}.Release|Any CPU.ActiveCfg = Release|Any CPU
		{73490CB9-E7A6-450A-A495-541D5E056CFB}.Release|Any CPU.Build.0 = Release|Any CPU
		{5C8FED74-7664-4A7B-AC2C-0ADA62B7338D}.Debug|Any CPU.ActiveCfg = Debug|Any CPU
		{5C8FED74-7664-4A7B-AC2C-0ADA62B7338D}.Debug|Any CPU.Build.0 = Debug|Any CPU
		{5C8FED74-7664-4A7B-AC2C-0ADA62B7338D}.Release|Any CPU.ActiveCfg = Release|Any CPU
		{5C8FED74-7664-4A7B-AC2C-0ADA62B7338D}.Release|Any CPU.Build.0 = Release|Any CPU
		{31D6807F-0E89-46BA-9AA0-B58FE21B9258}.Debug|Any CPU.ActiveCfg = Debug|Any CPU
		{31D6807F-0E89-46BA-9AA0-B58FE21B9258}.Debug|Any CPU.Build.0 = Debug|Any CPU
		{31D6807F-0E89-46BA-9AA0-B58FE21B9258}.Release|Any CPU.ActiveCfg = Release|Any CPU
		{31D6807F-0E89-46BA-9AA0-B58FE21B9258}.Release|Any CPU.Build.0 = Release|Any CPU
		{496AB7C1-7846-4333-8399-EA1571BB099B}.Debug|Any CPU.ActiveCfg = Debug|Any CPU
		{496AB7C1-7846-4333-8399-EA1571BB099B}.Debug|Any CPU.Build.0 = Debug|Any CPU
		{496AB7C1-7846-4333-8399-EA1571BB099B}.Release|Any CPU.ActiveCfg = Release|Any CPU
		{496AB7C1-7846-4333-8399-EA1571BB099B}.Release|Any CPU.Build.0 = Release|Any CPU
	EndGlobalSection
	GlobalSection(SolutionProperties) = preSolution
		HideSolutionNode = FALSE
	EndGlobalSection
	GlobalSection(NestedProjects) = preSolution
		{73490CB9-E7A6-450A-A495-541D5E056CFB} = {6E3D783D-A796-42BE-8B23-2F9F508F3143}
		{5C8FED74-7664-4A7B-AC2C-0ADA62B7338D} = {9B01B6D8-11E8-4CFB-8702-8D82D759F50F}
		{31D6807F-0E89-46BA-9AA0-B58FE21B9258} = {EDF1EF22-273A-49E1-A9DD-5E982BC9DBA3}
		{496AB7C1-7846-4333-8399-EA1571BB099B} = {EDF1EF22-273A-49E1-A9DD-5E982BC9DBA3}
	EndGlobalSection
	GlobalSection(ExtensibilityGlobals) = postSolution
		SolutionGuid = {96BC735B-721B-43DA-9CDD-F47F850B1B3A}
	EndGlobalSection
EndGlobal
